{
  "name": "leftlet_amp",
  "lockfileVersion": 3,
  "requires": true,
  "packages": {
    "": {
      "dependencies": {
        "leaflet": "^1.9.4",
        "leaflet.chinatmsproviders": "^3.0.6"
      }
    },
    "node_modules/leaflet": {
      "version": "1.9.4",
      "resolved": "https://registry.npmjs.org/leaflet/-/leaflet-1.9.4.tgz",
      "integrity": "sha512-nxS1ynzJOmOlHp+iL3FyWqK89GtNL8U8rvlMOsQdTTssxZwCXh8N2NB3GDQOL+YR3XnWyZAxwQixURb+FA74PA==",
      "license": "BSD-2-Clause"
    },
    "node_modules/leaflet.chinatmsproviders": {
      "version": "3.0.6",
      "resolved": "https://registry.npmjs.org/leaflet.chinatmsproviders/-/leaflet.chinatmsproviders-3.0.6.tgz",
      "integrity": "sha512-B4UPSn2MT//RkFoyrVjwqQyfKuf4tSmMjJDKQ6nqwCCGgirYKRWHafSH9JmA88WoG5pkuMXBcKQhY32FobxU/g==",
      "license": "MIT"
    }
  }
}
